{
    "version": 3,
    "terraform_version": "0.9.8",
    "serial": 2,
    "lineage": "b4d7ba60-7446-433f-ab36-481c48499646",
    "modules": [
        {
            "path": [
                "root"
            ],
            "outputs": {
                " aws security group_ssh": {
                    "sensitive": false,
                    "type": "string",
                    "value": "sg-0cb39a4abaace3ddd"
                },
                "Autoscaling group": {
                    "sensitive": false,
                    "type": "string",
                    "value": "machine-factory-v1"
                },
                "Gateway": {
                    "sensitive": false,
                    "type": "string",
                    "value": "igw-003f4ba01414e2b3c"
                },
                "Routing table": {
                    "sensitive": false,
                    "type": "string",
                    "value": "rtb-0203269af39682783"
                },
                "VPC": {
                    "sensitive": false,
                    "type": "string",
                    "value": "vpc-02ef8df2f16312bca"
                },
                "aws security group1 ": {
                    "sensitive": false,
                    "type": "string",
                    "value": "sg-0ca1bd66db317fc9c"
                },
                "elb": {
                    "sensitive": false,
                    "type": "string",
                    "value": "web-elb"
                },
                "launch_configuration": {
                    "sensitive": false,
                    "type": "string",
                    "value": "machine-factory-v1"
                },
                "subnet 1a id": {
                    "sensitive": false,
                    "type": "string",
                    "value": "subnet-0f38be1cb9edf1885"
                },
                "subnet 1b id": {
                    "sensitive": false,
                    "type": "string",
                    "value": "subnet-0cb1d434e720efc33"
                }
            },
            "resources": {
                "aws_autoscaling_group.machine-factory-v1": {
                    "type": "aws_autoscaling_group",
                    "depends_on": [
                        "aws_elb.web-elb",
                        "aws_launch_configuration.machine-factory-v1",
                        "aws_subnet.public_1a",
                        "aws_subnet.public_1b"
                    ],
                    "primary": {
                        "id": "machine-factory-v1",
                        "attributes": {
                            "arn": "arn:aws:autoscaling:us-east-1:919812626908:autoScalingGroup:9013d8f4-1654-413f-a345-dd12d09002a3:autoScalingGroupName/machine-factory-v1",
                            "availability_zones.#": "2",
                            "availability_zones.1305112097": "us-east-1b",
                            "availability_zones.986537655": "us-east-1c",
                            "default_cooldown": "300",
                            "desired_capacity": "3",
                            "force_delete": "false",
                            "health_check_grace_period": "80",
                            "health_check_type": "ELB",
                            "id": "machine-factory-v1",
                            "launch_configuration": "machine-factory-v1",
                            "load_balancers.#": "1",
                            "load_balancers.2044252648": "web-elb",
                            "max_size": "10",
                            "metrics_granularity": "1Minute",
                            "min_size": "2",
                            "name": "machine-factory-v1",
                            "placement_group": "",
                            "protect_from_scale_in": "false",
                            "suspended_processes.#": "0",
                            "tag.#": "0",
                            "target_group_arns.#": "0",
                            "termination_policies.#": "0",
                            "vpc_zone_identifier.#": "2",
                            "vpc_zone_identifier.2856237190": "subnet-0f38be1cb9edf1885",
                            "vpc_zone_identifier.911104515": "subnet-0cb1d434e720efc33",
                            "wait_for_capacity_timeout": "10m"
                        },
                        "meta": {},
                        "tainted": false
                    },
                    "deposed": [],
                    "provider": ""
                },
                "aws_elb.web-elb": {
                    "type": "aws_elb",
                    "depends_on": [
                        "aws_security_group.allow_ssh",
                        "aws_security_group.web_server",
                        "aws_subnet.public_1a",
                        "aws_subnet.public_1b"
                    ],
                    "primary": {
                        "id": "web-elb",
                        "attributes": {
                            "access_logs.#": "0",
                            "availability_zones.#": "2",
                            "availability_zones.1305112097": "us-east-1b",
                            "availability_zones.986537655": "us-east-1c",
                            "connection_draining": "true",
                            "connection_draining_timeout": "400",
                            "cross_zone_load_balancing": "true",
                            "dns_name": "web-elb-422466626.us-east-1.elb.amazonaws.com",
                            "health_check.#": "1",
                            "health_check.0.healthy_threshold": "2",
                            "health_check.0.interval": "30",
                            "health_check.0.target": "HTTP:80/",
                            "health_check.0.timeout": "3",
                            "health_check.0.unhealthy_threshold": "2",
                            "id": "web-elb",
                            "idle_timeout": "400",
                            "instances.#": "3",
                            "instances.3114528944": "i-07e0df628e300f963",
                            "instances.3898565437": "i-022137b2577370b98",
                            "instances.594413331": "i-04542722ec640c902",
                            "internal": "false",
                            "listener.#": "1",
                            "listener.3057123346.instance_port": "80",
                            "listener.3057123346.instance_protocol": "http",
                            "listener.3057123346.lb_port": "80",
                            "listener.3057123346.lb_protocol": "http",
                            "listener.3057123346.ssl_certificate_id": "",
                            "name": "web-elb",
                            "security_groups.#": "2",
                            "security_groups.3158380907": "sg-0ca1bd66db317fc9c",
                            "security_groups.464619650": "sg-0cb39a4abaace3ddd",
                            "source_security_group": "919812626908/web server",
                            "source_security_group_id": "sg-0ca1bd66db317fc9c",
                            "subnets.#": "2",
                            "subnets.2856237190": "subnet-0f38be1cb9edf1885",
                            "subnets.911104515": "subnet-0cb1d434e720efc33",
                            "tags.%": "1",
                            "tags.Name": "Web ELB",
                            "zone_id": "Z35SXDOTRQ7X7K"
                        },
                        "meta": {},
                        "tainted": false
                    },
                    "deposed": [],
                    "provider": ""
                },
                "aws_internet_gateway.gw": {
                    "type": "aws_internet_gateway",
                    "depends_on": [
                        "aws_vpc.myapp"
                    ],
                    "primary": {
                        "id": "igw-003f4ba01414e2b3c",
                        "attributes": {
                            "id": "igw-003f4ba01414e2b3c",
                            "tags.%": "1",
                            "tags.Name": "myapp gw",
                            "vpc_id": "vpc-02ef8df2f16312bca"
                        },
                        "meta": {},
                        "tainted": false
                    },
                    "deposed": [],
                    "provider": ""
                },
                "aws_key_pair.deployer": {
                    "type": "aws_key_pair",
                    "depends_on": [],
                    "primary": {
                        "id": "myappkeypair",
                        "attributes": {
                            "fingerprint": "3a:ab:ac:46:15:e0:48:f8:d5:68:d4:d6:ec:cf:1c:0a",
                            "id": "myappkeypair",
                            "key_name": "myappkeypair",
                            "public_key": "ssh-rsa AAAAB3NzaC1yc2EAAAADAQABAAABAQDaj8nDzZrLXtfXpg3Uo71wrTfgVPMMLLdPRPPjj8hD1vRoAhkXpdluv4rDYJ6YucRZp7TGcnU2X6DaaEKMUayd7YAN99pf3v9Hm13n/dGc6rJZDTlu9jxaUuJIfSYQv4I7F/ZtixSsqYG1QAIw6KaRWhNO7OvfSMehMn0/4wVTS6fDJuCmo7MlFDU/KidRv3TT5sz+cc+OcYMUuczNtub3BSu+5x1sLLBQtYbntDs1oCAkJJ1yblE74dQMsNduC8fdFsRIJyRGGyQjCPB9gfImBlQu+zGgkgPmi2YEA1/x96v2jo6+L3ZIoFrpkmzuV8dGmmOrpEIEZZtKmi8DxP8L root@lap-am0044476.bccs.hutch.co.id"
                        },
                        "meta": {
                            "schema_version": "1"
                        },
                        "tainted": false
                    },
                    "deposed": [],
                    "provider": ""
                },
                "aws_launch_configuration.machine-factory-v1": {
                    "type": "aws_launch_configuration",
                    "depends_on": [
                        "aws_security_group.allow_ssh",
                        "aws_security_group.web_server"
                    ],
                    "primary": {
                        "id": "machine-factory-v1",
                        "attributes": {
                            "associate_public_ip_address": "false",
                            "ebs_block_device.#": "0",
                            "ebs_optimized": "false",
                            "enable_monitoring": "true",
                            "ephemeral_block_device.#": "0",
                            "iam_instance_profile": "",
                            "id": "machine-factory-v1",
                            "image_id": "ami-b63769a1",
                            "instance_type": "t2.micro",
                            "key_name": "myappkeypair",
                            "name": "machine-factory-v1",
                            "root_block_device.#": "0",
                            "security_groups.#": "2",
                            "security_groups.3158380907": "sg-0ca1bd66db317fc9c",
                            "security_groups.464619650": "sg-0cb39a4abaace3ddd",
                            "spot_price": "",
                            "user_data": "e7cbc7936cff1939e6835d0c95e05acaae6a8376",
                            "vpc_classic_link_id": "",
                            "vpc_classic_link_security_groups.#": "0"
                        },
                        "meta": {},
                        "tainted": false
                    },
                    "deposed": [],
                    "provider": ""
                },
                "aws_route.internet_access": {
                    "type": "aws_route",
                    "depends_on": [
                        "aws_internet_gateway.gw",
                        "aws_vpc.myapp"
                    ],
                    "primary": {
                        "id": "r-rtb-0203269af396827831080289494",
                        "attributes": {
                            "destination_cidr_block": "0.0.0.0/0",
                            "destination_prefix_list_id": "",
                            "egress_only_gateway_id": "",
                            "gateway_id": "igw-003f4ba01414e2b3c",
                            "id": "r-rtb-0203269af396827831080289494",
                            "instance_id": "",
                            "instance_owner_id": "",
                            "nat_gateway_id": "",
                            "network_interface_id": "",
                            "origin": "CreateRoute",
                            "route_table_id": "rtb-0203269af39682783",
                            "state": "active",
                            "vpc_peering_connection_id": ""
                        },
                        "meta": {},
                        "tainted": false
                    },
                    "deposed": [],
                    "provider": ""
                },
                "aws_security_group.allow_ssh": {
                    "type": "aws_security_group",
                    "depends_on": [
                        "aws_vpc.myapp"
                    ],
                    "primary": {
                        "id": "sg-0cb39a4abaace3ddd",
                        "attributes": {
                            "description": "Allow inbound SSH traffic from my IP",
                            "egress.#": "0",
                            "id": "sg-0cb39a4abaace3ddd",
                            "ingress.#": "1",
                            "ingress.2541437006.cidr_blocks.#": "1",
                            "ingress.2541437006.cidr_blocks.0": "0.0.0.0/0",
                            "ingress.2541437006.from_port": "22",
                            "ingress.2541437006.ipv6_cidr_blocks.#": "0",
                            "ingress.2541437006.protocol": "tcp",
                            "ingress.2541437006.security_groups.#": "0",
                            "ingress.2541437006.self": "false",
                            "ingress.2541437006.to_port": "22",
                            "name": "allow_all",
                            "owner_id": "919812626908",
                            "tags.%": "1",
                            "tags.Name": "sg1",
                            "vpc_id": "vpc-02ef8df2f16312bca"
                        },
                        "meta": {},
                        "tainted": false
                    },
                    "deposed": [],
                    "provider": ""
                },
                "aws_security_group.web_server": {
                    "type": "aws_security_group",
                    "depends_on": [
                        "aws_vpc.myapp"
                    ],
                    "primary": {
                        "id": "sg-0ca1bd66db317fc9c",
                        "attributes": {
                            "description": "Allow HTTP and HTTPS traffic in, browser access out.",
                            "egress.#": "1",
                            "egress.1403647648.cidr_blocks.#": "1",
                            "egress.1403647648.cidr_blocks.0": "0.0.0.0/0",
                            "egress.1403647648.from_port": "0",
                            "egress.1403647648.ipv6_cidr_blocks.#": "0",
                            "egress.1403647648.prefix_list_ids.#": "0",
                            "egress.1403647648.protocol": "tcp",
                            "egress.1403647648.security_groups.#": "0",
                            "egress.1403647648.self": "false",
                            "egress.1403647648.to_port": "65535",
                            "id": "sg-0ca1bd66db317fc9c",
                            "ingress.#": "1",
                            "ingress.2214680975.cidr_blocks.#": "1",
                            "ingress.2214680975.cidr_blocks.0": "0.0.0.0/0",
                            "ingress.2214680975.from_port": "80",
                            "ingress.2214680975.ipv6_cidr_blocks.#": "0",
                            "ingress.2214680975.protocol": "tcp",
                            "ingress.2214680975.security_groups.#": "0",
                            "ingress.2214680975.self": "false",
                            "ingress.2214680975.to_port": "80",
                            "name": "web server",
                            "owner_id": "919812626908",
                            "tags.%": "1",
                            "tags.Name": "sg2",
                            "vpc_id": "vpc-02ef8df2f16312bca"
                        },
                        "meta": {},
                        "tainted": false
                    },
                    "deposed": [],
                    "provider": ""
                },
                "aws_subnet.public_1a": {
                    "type": "aws_subnet",
                    "depends_on": [
                        "aws_vpc.myapp"
                    ],
                    "primary": {
                        "id": "subnet-0f38be1cb9edf1885",
                        "attributes": {
                            "assign_ipv6_address_on_creation": "false",
                            "availability_zone": "us-east-1b",
                            "cidr_block": "10.0.1.0/24",
                            "id": "subnet-0f38be1cb9edf1885",
                            "map_public_ip_on_launch": "true",
                            "tags.%": "1",
                            "tags.Name": "sub1",
                            "vpc_id": "vpc-02ef8df2f16312bca"
                        },
                        "meta": {
                            "schema_version": "1"
                        },
                        "tainted": false
                    },
                    "deposed": [],
                    "provider": ""
                },
                "aws_subnet.public_1b": {
                    "type": "aws_subnet",
                    "depends_on": [
                        "aws_vpc.myapp"
                    ],
                    "primary": {
                        "id": "subnet-0cb1d434e720efc33",
                        "attributes": {
                            "assign_ipv6_address_on_creation": "false",
                            "availability_zone": "us-east-1c",
                            "cidr_block": "10.0.2.0/24",
                            "id": "subnet-0cb1d434e720efc33",
                            "map_public_ip_on_launch": "true",
                            "tags.%": "1",
                            "tags.Name": "sub2",
                            "vpc_id": "vpc-02ef8df2f16312bca"
                        },
                        "meta": {
                            "schema_version": "1"
                        },
                        "tainted": false
                    },
                    "deposed": [],
                    "provider": ""
                },
                "aws_vpc.myapp": {
                    "type": "aws_vpc",
                    "depends_on": [],
                    "primary": {
                        "id": "vpc-02ef8df2f16312bca",
                        "attributes": {
                            "assign_generated_ipv6_cidr_block": "false",
                            "cidr_block": "10.0.0.0/16",
                            "default_network_acl_id": "acl-0b4d630b7e28cebda",
                            "default_route_table_id": "rtb-0203269af39682783",
                            "default_security_group_id": "sg-068ca33ce768554c5",
                            "dhcp_options_id": "dopt-997cdde2",
                            "enable_classiclink": "false",
                            "enable_dns_hostnames": "false",
                            "enable_dns_support": "true",
                            "id": "vpc-02ef8df2f16312bca",
                            "instance_tenancy": "default",
                            "main_route_table_id": "rtb-0203269af39682783",
                            "tags.%": "1",
                            "tags.Name": "myappvpc"
                        },
                        "meta": {
                            "schema_version": "1"
                        },
                        "tainted": false
                    },
                    "deposed": [],
                    "provider": ""
                }
            },
            "depends_on": []
        }
    ]
}
